github.com/nil-go/konf v1.4.0 h1:8zoCK+6cYwUFZNvH0HZcyNBMUL63G7J9IF5ldtZUy2c=
github.com/nil-go/konf v1.4.0/go.mod h1:bQLME1hPLOejP89PlJGJ9DuofOKTsy/JcOjvWRHf0Fg=
github.com/nil-go/sloth v0.3.0 h1:lAqd8/pH6psoXZDpScCefY+3V9PVfJnIyOqMK1GSvwo=
github.com/nil-go/sloth v0.3.0/go.mod h1:SE8dLU9DLYeuLtu3kHp9PUEyj0OwUGKvTjSpx8tPdwo=
golang.org/x/net v0.40.0 h1:79Xs7wF06Gbdcg4kdCCIQArK11Z1hr5POQ6+fIYHNuY=
golang.org/x/net v0.40.0/go.mod h1:y0hY0exeL2Pku80/zKK7tpntoX23cqL3Oa6njdgRtds=
golang.org/x/text v0.25.0 h1:qVyWApTSYLk/drJRO5mDlNYskwQznZmkpV2c8q9zls4=
golang.org/x/text v0.25.0/go.mod h1:WEdwpYrmk1qmdHvhkSTNPm3app7v4rsT8F2UD6+VHIA=
