github.com/nil-go/konf v1.4.0 h1:8zoCK+6cYwUFZNvH0HZcyNBMUL63G7J9IF5ldtZUy2c=
github.com/nil-go/konf v1.4.0/go.mod h1:bQLME1hPLOejP89PlJGJ9DuofOKTsy/JcOjvWRHf0Fg=
github.com/nil-go/sloth v0.3.0 h1:lAqd8/pH6psoXZDpScCefY+3V9PVfJnIyOqMK1GSvwo=
github.com/nil-go/sloth v0.3.0/go.mod h1:SE8dLU9DLYeuLtu3kHp9PUEyj0OwUGKvTjSpx8tPdwo=
golang.org/x/net v0.53.0 h1:d+qAbo5L0orcWAr0a9JweQpjXF19LMXJE8Ey7hwOdUA=
golang.org/x/net v0.53.0/go.mod h1:JvMuJH7rrdiCfbeHoo3fCQU24Lf5JJwT9W3sJFulfgs=
golang.org/x/text v0.36.0 h1:JfKh3XmcRPqZPKevfXVpI1wXPTqbkE5f7JA92a55Yxg=
golang.org/x/text v0.36.0/go.mod h1:NIdBknypM8iqVmPiuco0Dh6P5Jcdk8lJL0CUebqK164=
